
Microsoft Visual Studio Solution File, Format Version 12.00
# Visual Studio Version 17
VisualStudioVersion = 17.5.33424.131
MinimumVisualStudioVersion = 10.0.40219.1
Project("{FAE04EC0-301F-11D3-BF4B-00C04F79EFBC}") = "Hotel_Management_System", "Hotel_Management_System\Hotel_Management_System.csproj", "{0611BC11-4396-4F30-8596-B8B3218CCA4E}"
EndProject
Global
	GlobalSection(SolutionConfigurationPlatforms) = preSolution
		Debug|Any CPU = Debug|Any CPU
		Release|Any CPU = Release|Any CPU
	EndGlobalSection
	GlobalSection(ProjectConfigurationPlatforms) = postSolution
		{0611BC11-4396-4F30-8596-B8B3218CCA4E}.Debug|Any CPU.ActiveCfg = Debug|Any CPU
		{0611BC11-4396-4F30-8596-B8B3218CCA4E}.Debug|Any CPU.Build.0 = Debug|Any CPU
		{0611BC11-4396-4F30-8596-B8B3218CCA4E}.Release|Any CPU.ActiveCfg = Release|Any CPU
		{0611BC11-4396-4F30-8596-B8B3218CCA4E}.Release|Any CPU.Build.0 = Release|Any CPU
	EndGlobalSection
	GlobalSection(SolutionProperties) = preSolution
		HideSolutionNode = FALSE
	EndGlobalSection
	GlobalSection(ExtensibilityGlobals) = postSolution
		SolutionGuid = {2EEF9100-84B7-4613-8A81-50FD7917FD4D}
	EndGlobalSection
EndGlobal
